Microsoft Visual Studio Solution File, Format Version 11.00
# Visual Studio 2008

Project("{3E79DAC4-83B3-2E39-695A-0D52D472DF2D}") = "TopDownShooter1", "Assembly-CSharp.csproj", "{BE845778-06C8-88A4-241D-05A2E8F7B652}"
EndProject
Global
	GlobalSection(SolutionConfigurationPlatforms) = preSolution
		Debug|Any CPU = Debug|Any CPU
		Release|Any CPU = Release|Any CPU
	EndGlobalSection
	GlobalSection(ProjectConfigurationPlatforms) = postSolution
		{BE845778-06C8-88A4-241D-05A2E8F7B652}.Debug|Any CPU.ActiveCfg = Debug|Any CPU
		{BE845778-06C8-88A4-241D-05A2E8F7B652}.Debug|Any CPU.Build.0 = Debug|Any CPU
		{BE845778-06C8-88A4-241D-05A2E8F7B652}.Release|Any CPU.ActiveCfg = Release|Any CPU
		{BE845778-06C8-88A4-241D-05A2E8F7B652}.Release|Any CPU.Build.0 = Release|Any CPU
	EndGlobalSection
	GlobalSection(SolutionProperties) = preSolution
		HideSolutionNode = FALSE
	EndGlobalSection
			GlobalSection(MonoDevelopProperties) = preSolution
		StartupItem = Assembly-CSharp.csproj
		Policies = $0
		$0.TextStylePolicy = $1
		$1.inheritsSet = null
		$1.scope = text/x-csharp
		$0.CSharpFormattingPolicy = $2
		$2.inheritsSet = Mono
		$2.inheritsScope = text/x-csharp
		$2.scope = text/x-csharp
		$0.TextStylePolicy = $3
		$3.FileWidth = 120
		$3.TabWidth = 4
		$3.IndentWidth = 4
		$3.EolMarker = Unix
		$3.inheritsSet = Mono
		$3.inheritsScope = text/plain
		$3.scope = text/plain
	EndGlobalSection

EndGlobal
